
Microsoft Visual Studio Solution File, Format Version 12.00
# Visual Studio Version 16
VisualStudioVersion = 16.0.29424.173
MinimumVisualStudioVersion = 10.0.40219.1
Project("{FAE04EC0-301F-11D3-BF4B-00C04F79EFBC}") = "Projeto.DDD.Api", "Projeto.DDD\Projeto.DDD.Api.csproj", "{1825B8BB-E6FA-4088-AEB0-C383E77887BC}"
EndProject
Project("{2150E333-8FDC-42A3-9474-1A3956D46DE8}") = "0 - Api", "0 - Api", "{4229E73B-ACEE-470D-9D41-E5467D93AED3}"
EndProject
Project("{2150E333-8FDC-42A3-9474-1A3956D46DE8}") = "1 - Web", "1 - Web", "{CA98AE16-CD18-44CF-AEB8-6EAF5726A2B0}"
EndProject
Project("{2150E333-8FDC-42A3-9474-1A3956D46DE8}") = "3 - Core", "3 - Core", "{E0EF2986-D1D0-4558-832F-1ECD8616C982}"
EndProject
Project("{2150E333-8FDC-42A3-9474-1A3956D46DE8}") = "4 - Infra", "4 - Infra", "{6B6A1DFC-7593-49F8-A9BF-5ECECF32C5A5}"
EndProject
Project("{2150E333-8FDC-42A3-9474-1A3956D46DE8}") = "Infra.Data", "Infra.Data", "{778260A3-E48D-4F93-B4C3-43C6CDB9B0FC}"
EndProject
Project("{2150E333-8FDC-42A3-9474-1A3956D46DE8}") = "Infra.CrossCutting", "Infra.CrossCutting", "{E68388C5-8754-4B78-A888-7458376F54D3}"
EndProject
Project("{FAE04EC0-301F-11D3-BF4B-00C04F79EFBC}") = "Projeto.DDD.Web", "Projeto.DDD.Web\Projeto.DDD.Web.csproj", "{51617C2D-6E3C-42A5-9CF5-1C47F76A3DD8}"
EndProject
Project("{FAE04EC0-301F-11D3-BF4B-00C04F79EFBC}") = "Projeto.DDD.Core", "Projeto.DDD.Core\Projeto.DDD.Core.csproj", "{DA7F6B2F-FF4B-45D5-928A-5AA0FA6B3566}"
EndProject
Project("{FAE04EC0-301F-11D3-BF4B-00C04F79EFBC}") = "Projeto.DDD.Infra.Data.Sql", "Projeto.DDD.Infra.Data.Sql\Projeto.DDD.Infra.Data.Sql.csproj", "{9ADC34E3-DB5D-4B6A-AA78-85BB194A27FA}"
EndProject
Project("{FAE04EC0-301F-11D3-BF4B-00C04F79EFBC}") = "Projeto.DDD.Infra.Data.Mongo", "Projeto.DDD.Infra.Data.Mongo\Projeto.DDD.Infra.Data.Mongo.csproj", "{501D7C6B-C3C3-4037-AEFB-CBFD8FF3642D}"
EndProject
Project("{FAE04EC0-301F-11D3-BF4B-00C04F79EFBC}") = "Projeto.DDD.Infra.CrossCutting.IoC", "Projeto.DDD.Infra.CrossCutting.IoC\Projeto.DDD.Infra.CrossCutting.IoC.csproj", "{2697B213-5BF4-4661-8BFA-8EB80B750247}"
EndProject
Project("{2150E333-8FDC-42A3-9474-1A3956D46DE8}") = "5 - Test", "5 - Test", "{EE886F57-4152-4951-B13E-4F522EE9BAFD}"
EndProject
Project("{FAE04EC0-301F-11D3-BF4B-00C04F79EFBC}") = "Projeto.DDD.Test", "Projeto.DDD.Test\Projeto.DDD.Test.csproj", "{9C17279B-ACB4-4EAB-9D70-65868A1D0877}"
EndProject
Global
	GlobalSection(SolutionConfigurationPlatforms) = preSolution
		Debug|Any CPU = Debug|Any CPU
		Release|Any CPU = Release|Any CPU
	EndGlobalSection
	GlobalSection(ProjectConfigurationPlatforms) = postSolution
		{1825B8BB-E6FA-4088-AEB0-C383E77887BC}.Debug|Any CPU.ActiveCfg = Debug|Any CPU
		{1825B8BB-E6FA-4088-AEB0-C383E77887BC}.Debug|Any CPU.Build.0 = Debug|Any CPU
		{1825B8BB-E6FA-4088-AEB0-C383E77887BC}.Release|Any CPU.ActiveCfg = Release|Any CPU
		{1825B8BB-E6FA-4088-AEB0-C383E77887BC}.Release|Any CPU.Build.0 = Release|Any CPU
		{51617C2D-6E3C-42A5-9CF5-1C47F76A3DD8}.Debug|Any CPU.ActiveCfg = Debug|Any CPU
		{51617C2D-6E3C-42A5-9CF5-1C47F76A3DD8}.Debug|Any CPU.Build.0 = Debug|Any CPU
		{51617C2D-6E3C-42A5-9CF5-1C47F76A3DD8}.Release|Any CPU.ActiveCfg = Release|Any CPU
		{51617C2D-6E3C-42A5-9CF5-1C47F76A3DD8}.Release|Any CPU.Build.0 = Release|Any CPU
		{DA7F6B2F-FF4B-45D5-928A-5AA0FA6B3566}.Debug|Any CPU.ActiveCfg = Debug|Any CPU
		{DA7F6B2F-FF4B-45D5-928A-5AA0FA6B3566}.Debug|Any CPU.Build.0 = Debug|Any CPU
		{DA7F6B2F-FF4B-45D5-928A-5AA0FA6B3566}.Release|Any CPU.ActiveCfg = Release|Any CPU
		{DA7F6B2F-FF4B-45D5-928A-5AA0FA6B3566}.Release|Any CPU.Build.0 = Release|Any CPU
		{9ADC34E3-DB5D-4B6A-AA78-85BB194A27FA}.Debug|Any CPU.ActiveCfg = Debug|Any CPU
		{9ADC34E3-DB5D-4B6A-AA78-85BB194A27FA}.Debug|Any CPU.Build.0 = Debug|Any CPU
		{9ADC34E3-DB5D-4B6A-AA78-85BB194A27FA}.Release|Any CPU.ActiveCfg = Release|Any CPU
		{9ADC34E3-DB5D-4B6A-AA78-85BB194A27FA}.Release|Any CPU.Build.0 = Release|Any CPU
		{501D7C6B-C3C3-4037-AEFB-CBFD8FF3642D}.Debug|Any CPU.ActiveCfg = Debug|Any CPU
		{501D7C6B-C3C3-4037-AEFB-CBFD8FF3642D}.Debug|Any CPU.Build.0 = Debug|Any CPU
		{501D7C6B-C3C3-4037-AEFB-CBFD8FF3642D}.Release|Any CPU.ActiveCfg = Release|Any CPU
		{501D7C6B-C3C3-4037-AEFB-CBFD8FF3642D}.Release|Any CPU.Build.0 = Release|Any CPU
		{2697B213-5BF4-4661-8BFA-8EB80B750247}.Debug|Any CPU.ActiveCfg = Debug|Any CPU
		{2697B213-5BF4-4661-8BFA-8EB80B750247}.Debug|Any CPU.Build.0 = Debug|Any CPU
		{2697B213-5BF4-4661-8BFA-8EB80B750247}.Release|Any CPU.ActiveCfg = Release|Any CPU
		{2697B213-5BF4-4661-8BFA-8EB80B750247}.Release|Any CPU.Build.0 = Release|Any CPU
		{9C17279B-ACB4-4EAB-9D70-65868A1D0877}.Debug|Any CPU.ActiveCfg = Debug|Any CPU
		{9C17279B-ACB4-4EAB-9D70-65868A1D0877}.Debug|Any CPU.Build.0 = Debug|Any CPU
		{9C17279B-ACB4-4EAB-9D70-65868A1D0877}.Release|Any CPU.ActiveCfg = Release|Any CPU
		{9C17279B-ACB4-4EAB-9D70-65868A1D0877}.Release|Any CPU.Build.0 = Release|Any CPU
	EndGlobalSection
	GlobalSection(SolutionProperties) = preSolution
		HideSolutionNode = FALSE
	EndGlobalSection
	GlobalSection(NestedProjects) = preSolution
		{1825B8BB-E6FA-4088-AEB0-C383E77887BC} = {4229E73B-ACEE-470D-9D41-E5467D93AED3}
		{778260A3-E48D-4F93-B4C3-43C6CDB9B0FC} = {6B6A1DFC-7593-49F8-A9BF-5ECECF32C5A5}
		{E68388C5-8754-4B78-A888-7458376F54D3} = {6B6A1DFC-7593-49F8-A9BF-5ECECF32C5A5}
		{51617C2D-6E3C-42A5-9CF5-1C47F76A3DD8} = {CA98AE16-CD18-44CF-AEB8-6EAF5726A2B0}
		{DA7F6B2F-FF4B-45D5-928A-5AA0FA6B3566} = {E0EF2986-D1D0-4558-832F-1ECD8616C982}
		{9ADC34E3-DB5D-4B6A-AA78-85BB194A27FA} = {778260A3-E48D-4F93-B4C3-43C6CDB9B0FC}
		{501D7C6B-C3C3-4037-AEFB-CBFD8FF3642D} = {778260A3-E48D-4F93-B4C3-43C6CDB9B0FC}
		{2697B213-5BF4-4661-8BFA-8EB80B750247} = {E68388C5-8754-4B78-A888-7458376F54D3}
		{9C17279B-ACB4-4EAB-9D70-65868A1D0877} = {EE886F57-4152-4951-B13E-4F522EE9BAFD}
	EndGlobalSection
	GlobalSection(ExtensibilityGlobals) = postSolution
		SolutionGuid = {3209E3B5-BA41-477A-B025-85DEE7A7128B}
	EndGlobalSection
EndGlobal
